
Microsoft Visual Studio Solution File, Format Version 12.00
# Visual Studio Version 17
VisualStudioVersion = 17.13.35825.156 d17.13
MinimumVisualStudioVersion = 10.0.40219.1
Project("{FAE04EC0-301F-11D3-BF4B-00C04F79EFBC}") = "Twitter", "Twitter\Twitter.csproj", "{1477D332-256E-453C-BB43-25CB0543BE06}"
EndProject
Global
	GlobalSection(SolutionConfigurationPlatforms) = preSolution
		Debug|Any CPU = Debug|Any CPU
		Release|Any CPU = Release|Any CPU
	EndGlobalSection
	GlobalSection(ProjectConfigurationPlatforms) = postSolution
		{1477D332-256E-453C-BB43-25CB0543BE06}.Debug|Any CPU.ActiveCfg = Debug|Any CPU
		{1477D332-256E-453C-BB43-25CB0543BE06}.Debug|Any CPU.Build.0 = Debug|Any CPU
		{1477D332-256E-453C-BB43-25CB0543BE06}.Release|Any CPU.ActiveCfg = Release|Any CPU
		{1477D332-256E-453C-BB43-25CB0543BE06}.Release|Any CPU.Build.0 = Release|Any CPU
	EndGlobalSection
	GlobalSection(SolutionProperties) = preSolution
		HideSolutionNode = FALSE
	EndGlobalSection
	GlobalSection(ExtensibilityGlobals) = postSolution
		SolutionGuid = {F97A96C0-970D-4056-BF85-A06C0C988C1F}
	EndGlobalSection
EndGlobal
